
Microsoft Visual Studio Solution File, Format Version 12.00
# Visual Studio 15
VisualStudioVersion = 15.0.28010.2016
MinimumVisualStudioVersion = 10.0.40219.1
Project("{FAE04EC0-301F-11D3-BF4B-00C04F79EFBC}") = "CalcApi", "CalcApi\CalcApi.csproj", "{D62C78D5-4272-4898-8BC3-819C689C186C}"
EndProject
Global
	GlobalSection(SolutionConfigurationPlatforms) = preSolution
		Debug|Any CPU = Debug|Any CPU
		Release|Any CPU = Release|Any CPU
	EndGlobalSection
	GlobalSection(ProjectConfigurationPlatforms) = postSolution
		{D62C78D5-4272-4898-8BC3-819C689C186C}.Debug|Any CPU.ActiveCfg = Debug|Any CPU
		{D62C78D5-4272-4898-8BC3-819C689C186C}.Debug|Any CPU.Build.0 = Debug|Any CPU
		{D62C78D5-4272-4898-8BC3-819C689C186C}.Release|Any CPU.ActiveCfg = Release|Any CPU
		{D62C78D5-4272-4898-8BC3-819C689C186C}.Release|Any CPU.Build.0 = Release|Any CPU
	EndGlobalSection
	GlobalSection(SolutionProperties) = preSolution
		HideSolutionNode = FALSE
	EndGlobalSection
	GlobalSection(ExtensibilityGlobals) = postSolution
		SolutionGuid = {4ACC9A03-75F1-409B-83B4-82FF5258EF0A}
	EndGlobalSection
EndGlobal
